// !$*UTF8*$!
{
	archiveVersion = 1;
	classes = {
	};
	objectVersion = 50;
	objects = {

/* Begin PBXBuildFile section */
		DA5151E421EDD30D00232F29 /* Person.m in Sources */ = {isa = PBXBuildFile; fileRef = DA5151E321EDD30D00232F29 /* Person.m */; };
		DA5151E621EDDA0A00232F29 /* Person+PreferenceStore.swift in Sources */ = {isa = PBXBuildFile; fileRef = DA5151E521EDDA0A00232F29 /* Person+PreferenceStore.swift */; };
		DAB9F31021E8679400195B44 /* AppDelegate.swift in Sources */ = {isa = PBXBuildFile; fileRef = DAB9F30F21E8679400195B44 /* AppDelegate.swift */; };
		DAB9F31221E8679400195B44 /* ViewController.swift in Sources */ = {isa = PBXBuildFile; fileRef = DAB9F31121E8679400195B44 /* ViewController.swift */; };
		DAB9F31521E8679400195B44 /* Main.storyboard in Resources */ = {isa = PBXBuildFile; fileRef = DAB9F31321E8679400195B44 /* Main.storyboard */; };
		DAB9F31721E8679600195B44 /* Assets.xcassets in Resources */ = {isa = PBXBuildFile; fileRef = DAB9F31621E8679600195B44 /* Assets.xcassets */; };
		DAB9F31A21E8679600195B44 /* LaunchScreen.storyboard in Resources */ = {isa = PBXBuildFile; fileRef = DAB9F31821E8679600195B44 /* LaunchScreen.storyboard */; };
		DAB9F32321E8693A00195B44 /* DemoViewController.swift in Sources */ = {isa = PBXBuildFile; fileRef = DAB9F32121E8693A00195B44 /* DemoViewController.swift */; };
		DAB9F32421E8693A00195B44 /* DemoViewController.xib in Resources */ = {isa = PBXBuildFile; fileRef = DAB9F32221E8693A00195B44 /* DemoViewController.xib */; };
		DAB9F32E21E86DFD00195B44 /* Wheel.swift in Sources */ = {isa = PBXBuildFile; fileRef = DAB9F32D21E86DFD00195B44 /* Wheel.swift */; };
		DAB9F33021E86E2B00195B44 /* Bicycle.swift in Sources */ = {isa = PBXBuildFile; fileRef = DAB9F32F21E86E2B00195B44 /* Bicycle.swift */; };
		DAB9F33521E8735B00195B44 /* MSTRDevicePreference.swift in Sources */ = {isa = PBXBuildFile; fileRef = DAB9F33421E8735B00195B44 /* MSTRDevicePreference.swift */; };
		DAB9F36221EC3A5A00195B44 /* preference.plist in Resources */ = {isa = PBXBuildFile; fileRef = DAB9F36121EC3A5A00195B44 /* preference.plist */; };
/* End PBXBuildFile section */

/* Begin PBXFileReference section */
		DA5151E121EDD30D00232F29 /* PreferenceStoreDemo-Bridging-Header.h */ = {isa = PBXFileReference; lastKnownFileType = sourcecode.c.h; path = "PreferenceStoreDemo-Bridging-Header.h"; sourceTree = "<group>"; };
		DA5151E221EDD30D00232F29 /* Person.h */ = {isa = PBXFileReference; lastKnownFileType = sourcecode.c.h; path = Person.h; sourceTree = "<group>"; };
		DA5151E321EDD30D00232F29 /* Person.m */ = {isa = PBXFileReference; lastKnownFileType = sourcecode.c.objc; path = Person.m; sourceTree = "<group>"; };
		DA5151E521EDDA0A00232F29 /* Person+PreferenceStore.swift */ = {isa = PBXFileReference; lastKnownFileType = sourcecode.swift; path = "Person+PreferenceStore.swift"; sourceTree = "<group>"; };
		DAB9F30C21E8679400195B44 /* PreferenceStoreDemo.app */ = {isa = PBXFileReference; explicitFileType = wrapper.application; includeInIndex = 0; path = PreferenceStoreDemo.app; sourceTree = BUILT_PRODUCTS_DIR; };
		DAB9F30F21E8679400195B44 /* AppDelegate.swift */ = {isa = PBXFileReference; lastKnownFileType = sourcecode.swift; path = AppDelegate.swift; sourceTree = "<group>"; };
		DAB9F31121E8679400195B44 /* ViewController.swift */ = {isa = PBXFileReference; lastKnownFileType = sourcecode.swift; path = ViewController.swift; sourceTree = "<group>"; };
		DAB9F31421E8679400195B44 /* Base */ = {isa = PBXFileReference; lastKnownFileType = file.storyboard; name = Base; path = Base.lproj/Main.storyboard; sourceTree = "<group>"; };
		DAB9F31621E8679600195B44 /* Assets.xcassets */ = {isa = PBXFileReference; lastKnownFileType = folder.assetcatalog; path = Assets.xcassets; sourceTree = "<group>"; };
		DAB9F31921E8679600195B44 /* Base */ = {isa = PBXFileReference; lastKnownFileType = file.storyboard; name = Base; path = Base.lproj/LaunchScreen.storyboard; sourceTree = "<group>"; };
		DAB9F31B21E8679600195B44 /* Info.plist */ = {isa = PBXFileReference; lastKnownFileType = text.plist.xml; path = Info.plist; sourceTree = "<group>"; };
		DAB9F32121E8693A00195B44 /* DemoViewController.swift */ = {isa = PBXFileReference; lastKnownFileType = sourcecode.swift; path = DemoViewController.swift; sourceTree = "<group>"; };
		DAB9F32221E8693A00195B44 /* DemoViewController.xib */ = {isa = PBXFileReference; lastKnownFileType = file.xib; path = DemoViewController.xib; sourceTree = "<group>"; };
		DAB9F32D21E86DFD00195B44 /* Wheel.swift */ = {isa = PBXFileReference; lastKnownFileType = sourcecode.swift; path = Wheel.swift; sourceTree = "<group>"; };
		DAB9F32F21E86E2B00195B44 /* Bicycle.swift */ = {isa = PBXFileReference; lastKnownFileType = sourcecode.swift; path = Bicycle.swift; sourceTree = "<group>"; };
		DAB9F33421E8735B00195B44 /* MSTRDevicePreference.swift */ = {isa = PBXFileReference; lastKnownFileType = sourcecode.swift; path = MSTRDevicePreference.swift; sourceTree = "<group>"; };
		DAB9F36121EC3A5A00195B44 /* preference.plist */ = {isa = PBXFileReference; lastKnownFileType = text.plist.xml; path = preference.plist; sourceTree = "<group>"; };
/* End PBXFileReference section */

/* Begin PBXFrameworksBuildPhase section */
		DAB9F30921E8679400195B44 /* Frameworks */ = {
			isa = PBXFrameworksBuildPhase;
			buildActionMask = 2147483647;
			files = (
			);
			runOnlyForDeploymentPostprocessing = 0;
		};
/* End PBXFrameworksBuildPhase section */

/* Begin PBXGroup section */
		DAB9F30321E8679400195B44 = {
			isa = PBXGroup;
			children = (
				DAB9F30E21E8679400195B44 /* PreferenceStoreDemo */,
				DAB9F30D21E8679400195B44 /* Products */,
			);
			sourceTree = "<group>";
		};
		DAB9F30D21E8679400195B44 /* Products */ = {
			isa = PBXGroup;
			children = (
				DAB9F30C21E8679400195B44 /* PreferenceStoreDemo.app */,
			);
			name = Products;
			sourceTree = "<group>";
		};
		DAB9F30E21E8679400195B44 /* PreferenceStoreDemo */ = {
			isa = PBXGroup;
			children = (
				DAB9F33121E8725700195B44 /* preference */,
				DAB9F30F21E8679400195B44 /* AppDelegate.swift */,
				DAB9F31121E8679400195B44 /* ViewController.swift */,
				DAB9F31321E8679400195B44 /* Main.storyboard */,
				DAB9F31621E8679600195B44 /* Assets.xcassets */,
				DAB9F31821E8679600195B44 /* LaunchScreen.storyboard */,
				DAB9F31B21E8679600195B44 /* Info.plist */,
				DAB9F32121E8693A00195B44 /* DemoViewController.swift */,
				DAB9F32221E8693A00195B44 /* DemoViewController.xib */,
				DAB9F32D21E86DFD00195B44 /* Wheel.swift */,
				DAB9F32F21E86E2B00195B44 /* Bicycle.swift */,
				DAB9F36121EC3A5A00195B44 /* preference.plist */,
				DA5151E221EDD30D00232F29 /* Person.h */,
				DA5151E321EDD30D00232F29 /* Person.m */,
				DA5151E521EDDA0A00232F29 /* Person+PreferenceStore.swift */,
				DA5151E121EDD30D00232F29 /* PreferenceStoreDemo-Bridging-Header.h */,
			);
			path = PreferenceStoreDemo;
			sourceTree = "<group>";
		};
		DAB9F33121E8725700195B44 /* preference */ = {
			isa = PBXGroup;
			children = (
				DAB9F33421E8735B00195B44 /* MSTRDevicePreference.swift */,
			);
			path = preference;
			sourceTree = "<group>";
		};
/* End PBXGroup section */

/* Begin PBXNativeTarget section */
		DAB9F30B21E8679400195B44 /* PreferenceStoreDemo */ = {
			isa = PBXNativeTarget;
			buildConfigurationList = DAB9F31E21E8679600195B44 /* Build configuration list for PBXNativeTarget "PreferenceStoreDemo" */;
			buildPhases = (
				DAB9F30821E8679400195B44 /* Sources */,
				DAB9F30921E8679400195B44 /* Frameworks */,
				DAB9F30A21E8679400195B44 /* Resources */,
			);
			buildRules = (
			);
			dependencies = (
			);
			name = PreferenceStoreDemo;
			productName = PreferenceStoreDemo;
			productReference = DAB9F30C21E8679400195B44 /* PreferenceStoreDemo.app */;
			productType = "com.apple.product-type.application";
		};
/* End PBXNativeTarget section */

/* Begin PBXProject section */
		DAB9F30421E8679400195B44 /* Project object */ = {
			isa = PBXProject;
			attributes = {
				LastSwiftUpdateCheck = 1010;
				LastUpgradeCheck = 1010;
				ORGANIZATIONNAME = Xie;
				TargetAttributes = {
					DAB9F30B21E8679400195B44 = {
						CreatedOnToolsVersion = 10.1;
						LastSwiftMigration = 1010;
					};
				};
			};
			buildConfigurationList = DAB9F30721E8679400195B44 /* Build configuration list for PBXProject "PreferenceStoreDemo" */;
			compatibilityVersion = "Xcode 9.3";
			developmentRegion = en;
			hasScannedForEncodings = 0;
			knownRegions = (
				en,
				Base,
			);
			mainGroup = DAB9F30321E8679400195B44;
			productRefGroup = DAB9F30D21E8679400195B44 /* Products */;
			projectDirPath = "";
			projectRoot = "";
			targets = (
				DAB9F30B21E8679400195B44 /* PreferenceStoreDemo */,
			);
		};
/* End PBXProject section */

/* Begin PBXResourcesBuildPhase section */
		DAB9F30A21E8679400195B44 /* Resources */ = {
			isa = PBXResourcesBuildPhase;
			buildActionMask = 2147483647;
			files = (
				DAB9F31A21E8679600195B44 /* LaunchScreen.storyboard in Resources */,
				DAB9F36221EC3A5A00195B44 /* preference.plist in Resources */,
				DAB9F31721E8679600195B44 /* Assets.xcassets in Resources */,
				DAB9F31521E8679400195B44 /* Main.storyboard in Resources */,
				DAB9F32421E8693A00195B44 /* DemoViewController.xib in Resources */,
			);
			runOnlyForDeploymentPostprocessing = 0;
		};
/* End PBXResourcesBuildPhase section */

/* Begin PBXSourcesBuildPhase section */
		DAB9F30821E8679400195B44 /* Sources */ = {
			isa = PBXSourcesBuildPhase;
			buildActionMask = 2147483647;
			files = (
				DAB9F32321E8693A00195B44 /* DemoViewController.swift in Sources */,
				DAB9F31221E8679400195B44 /* ViewController.swift in Sources */,
				DA5151E421EDD30D00232F29 /* Person.m in Sources */,
				DAB9F33021E86E2B00195B44 /* Bicycle.swift in Sources */,
				DAB9F31021E8679400195B44 /* AppDelegate.swift in Sources */,
				DA5151E621EDDA0A00232F29 /* Person+PreferenceStore.swift in Sources */,
				DAB9F33521E8735B00195B44 /* MSTRDevicePreference.swift in Sources */,
				DAB9F32E21E86DFD00195B44 /* Wheel.swift in Sources */,
			);
			runOnlyForDeploymentPostprocessing = 0;
		};
/* End PBXSourcesBuildPhase section */

/* Begin PBXVariantGroup section */
		DAB9F31321E8679400195B44 /* Main.storyboard */ = {
			isa = PBXVariantGroup;
			children = (
				DAB9F31421E8679400195B44 /* Base */,
			);
			name = Main.storyboard;
			sourceTree = "<group>";
		};
		DAB9F31821E8679600195B44 /* LaunchScreen.storyboard */ = {
			isa = PBXVariantGroup;
			children = (
				DAB9F31921E8679600195B44 /* Base */,
			);
			name = LaunchScreen.storyboard;
			sourceTree = "<group>";
		};
/* End PBXVariantGroup section */

/* Begin XCBuildConfiguration section */
		DAB9F31C21E8679600195B44 /* Debug */ = {
			isa = XCBuildConfiguration;
			buildSettings = {
				ALWAYS_SEARCH_USER_PATHS = NO;
				CLANG_ANALYZER_NONNULL = YES;
				CLANG_ANALYZER_NUMBER_OBJECT_CONVERSION = YES_AGGRESSIVE;
				CLANG_CXX_LANGUAGE_STANDARD = "gnu++14";
				CLANG_CXX_LIBRARY = "libc++";
				CLANG_ENABLE_MODULES = YES;
				CLANG_ENABLE_OBJC_ARC = YES;
				CLANG_ENABLE_OBJC_WEAK = YES;
				CLANG_WARN_BLOCK_CAPTURE_AUTORELEASING = YES;
				CLANG_WARN_BOOL_CONVERSION = YES;
				CLANG_WARN_COMMA = YES;
				CLANG_WARN_CONSTANT_CONVERSION = YES;
				CLANG_WARN_DEPRECATED_OBJC_IMPLEMENTATIONS = YES;
				CLANG_WARN_DIRECT_OBJC_ISA_USAGE = YES_ERROR;
				CLANG_WARN_DOCUMENTATION_COMMENTS = YES;
				CLANG_WARN_EMPTY_BODY = YES;
				CLANG_WARN_ENUM_CONVERSION = YES;
				CLANG_WARN_INFINITE_RECURSION = YES;
				CLANG_WARN_INT_CONVERSION = YES;
				CLANG_WARN_NON_LITERAL_NULL_CONVERSION = YES;
				CLANG_WARN_OBJC_IMPLICIT_RETAIN_SELF = YES;
				CLANG_WARN_OBJC_LITERAL_CONVERSION = YES;
				CLANG_WARN_OBJC_ROOT_CLASS = YES_ERROR;
				CLANG_WARN_RANGE_LOOP_ANALYSIS = YES;
				CLANG_WARN_STRICT_PROTOTYPES = YES;
				CLANG_WARN_SUSPICIOUS_MOVE = YES;
				CLANG_WARN_UNGUARDED_AVAILABILITY = YES_AGGRESSIVE;
				CLANG_WARN_UNREACHABLE_CODE = YES;
				CLANG_WARN__DUPLICATE_METHOD_MATCH = YES;
				CODE_SIGN_IDENTITY = "iPhone Developer";
				COPY_PHASE_STRIP = NO;
				DEBUG_INFORMATION_FORMAT = dwarf;
				ENABLE_STRICT_OBJC_MSGSEND = YES;
				ENABLE_TESTABILITY = YES;
				GCC_C_LANGUAGE_STANDARD = gnu11;
				GCC_DYNAMIC_NO_PIC = NO;
				GCC_NO_COMMON_BLOCKS = YES;
				GCC_OPTIMIZATION_LEVEL = 0;
				GCC_PREPROCESSOR_DEFINITIONS = (
					"DEBUG=1",
					"$(inherited)",
				);
				GCC_WARN_64_TO_32_BIT_CONVERSION = YES;
				GCC_WARN_ABOUT_RETURN_TYPE = YES_ERROR;
				GCC_WARN_UNDECLARED_SELECTOR = YES;
				GCC_WARN_UNINITIALIZED_AUTOS = YES_AGGRESSIVE;
				GCC_WARN_UNUSED_FUNCTION = YES;
				GCC_WARN_UNUSED_VARIABLE = YES;
				IPHONEOS_DEPLOYMENT_TARGET = 12.1;
				MTL_ENABLE_DEBUG_INFO = INCLUDE_SOURCE;
				MTL_FAST_MATH = YES;
				ONLY_ACTIVE_ARCH = YES;
				SDKROOT = iphoneos;
				SWIFT_ACTIVE_COMPILATION_CONDITIONS = DEBUG;
				SWIFT_OPTIMIZATION_LEVEL = "-Onone";
			};
			name = Debug;
		};
		DAB9F31D21E8679600195B44 /* Release */ = {
			isa = XCBuildConfiguration;
			buildSettings = {
				ALWAYS_SEARCH_USER_PATHS = NO;
				CLANG_ANALYZER_NONNULL = YES;
				CLANG_ANALYZER_NUMBER_OBJECT_CONVERSION = YES_AGGRESSIVE;
				CLANG_CXX_LANGUAGE_STANDARD = "gnu++14";
				CLANG_CXX_LIBRARY = "libc++";
				CLANG_ENABLE_MODULES = YES;
				CLANG_ENABLE_OBJC_ARC = YES;
				CLANG_ENABLE_OBJC_WEAK = YES;
				CLANG_WARN_BLOCK_CAPTURE_AUTORELEASING = YES;
				CLANG_WARN_BOOL_CONVERSION = YES;
				CLANG_WARN_COMMA = YES;
				CLANG_WARN_CONSTANT_CONVERSION = YES;
				CLANG_WARN_DEPRECATED_OBJC_IMPLEMENTATIONS = YES;
				CLANG_WARN_DIRECT_OBJC_ISA_USAGE = YES_ERROR;
				CLANG_WARN_DOCUMENTATION_COMMENTS = YES;
				CLANG_WARN_EMPTY_BODY = YES;
				CLANG_WARN_ENUM_CONVERSION = YES;
				CLANG_WARN_INFINITE_RECURSION = YES;
				CLANG_WARN_INT_CONVERSION = YES;
				CLANG_WARN_NON_LITERAL_NULL_CONVERSION = YES;
				CLANG_WARN_OBJC_IMPLICIT_RETAIN_SELF = YES;
				CLANG_WARN_OBJC_LITERAL_CONVERSION = YES;
				CLANG_WARN_OBJC_ROOT_CLASS = YES_ERROR;
				CLANG_WARN_RANGE_LOOP_ANALYSIS = YES;
				CLANG_WARN_STRICT_PROTOTYPES = YES;
				CLANG_WARN_SUSPICIOUS_MOVE = YES;
				CLANG_WARN_UNGUARDED_AVAILABILITY = YES_AGGRESSIVE;
				CLANG_WARN_UNREACHABLE_CODE = YES;
				CLANG_WARN__DUPLICATE_METHOD_MATCH = YES;
				CODE_SIGN_IDENTITY = "iPhone Developer";
				COPY_PHASE_STRIP = NO;
				DEBUG_INFORMATION_FORMAT = "dwarf-with-dsym";
				ENABLE_NS_ASSERTIONS = NO;
				ENABLE_STRICT_OBJC_MSGSEND = YES;
				GCC_C_LANGUAGE_STANDARD = gnu11;
				GCC_NO_COMMON_BLOCKS = YES;
				GCC_WARN_64_TO_32_BIT_CONVERSION = YES;
				GCC_WARN_ABOUT_RETURN_TYPE = YES_ERROR;
				GCC_WARN_UNDECLARED_SELECTOR = YES;
				GCC_WARN_UNINITIALIZED_AUTOS = YES_AGGRESSIVE;
				GCC_WARN_UNUSED_FUNCTION = YES;
				GCC_WARN_UNUSED_VARIABLE = YES;
				IPHONEOS_DEPLOYMENT_TARGET = 12.1;
				MTL_ENABLE_DEBUG_INFO = NO;
				MTL_FAST_MATH = YES;
				SDKROOT = iphoneos;
				SWIFT_COMPILATION_MODE = wholemodule;
				SWIFT_OPTIMIZATION_LEVEL = "-O";
				VALIDATE_PRODUCT = YES;
			};
			name = Release;
		};
		DAB9F31F21E8679600195B44 /* Debug */ = {
			isa = XCBuildConfiguration;
			buildSettings = {
				ASSETCATALOG_COMPILER_APPICON_NAME = AppIcon;
				CLANG_ENABLE_MODULES = YES;
				CODE_SIGN_STYLE = Automatic;
				DEVELOPMENT_TEAM = LNTYGHCVL4;
				INFOPLIST_FILE = PreferenceStoreDemo/Info.plist;
				LD_RUNPATH_SEARCH_PATHS = (
					"$(inherited)",
					"@executable_path/Frameworks",
				);
				PRODUCT_BUNDLE_IDENTIFIER = classical.PreferenceStoreDemo;
				PRODUCT_NAME = "$(TARGET_NAME)";
				SWIFT_OBJC_BRIDGING_HEADER = "PreferenceStoreDemo/PreferenceStoreDemo-Bridging-Header.h";
				SWIFT_OPTIMIZATION_LEVEL = "-Onone";
				SWIFT_VERSION = 4.2;
				TARGETED_DEVICE_FAMILY = "1,2";
			};
			name = Debug;
		};
		DAB9F32021E8679600195B44 /* Release */ = {
			isa = XCBuildConfiguration;
			buildSettings = {
				ASSETCATALOG_COMPILER_APPICON_NAME = AppIcon;
				CLANG_ENABLE_MODULES = YES;
				CODE_SIGN_STYLE = Automatic;
				DEVELOPMENT_TEAM = LNTYGHCVL4;
				INFOPLIST_FILE = PreferenceStoreDemo/Info.plist;
				LD_RUNPATH_SEARCH_PATHS = (
					"$(inherited)",
					"@executable_path/Frameworks",
				);
				PRODUCT_BUNDLE_IDENTIFIER = classical.PreferenceStoreDemo;
				PRODUCT_NAME = "$(TARGET_NAME)";
				SWIFT_OBJC_BRIDGING_HEADER = "PreferenceStoreDemo/PreferenceStoreDemo-Bridging-Header.h";
				SWIFT_VERSION = 4.2;
				TARGETED_DEVICE_FAMILY = "1,2";
			};
			name = Release;
		};
/* End XCBuildConfiguration section */

/* Begin XCConfigurationList section */
		DAB9F30721E8679400195B44 /* Build configuration list for PBXProject "PreferenceStoreDemo" */ = {
			isa = XCConfigurationList;
			buildConfigurations = (
				DAB9F31C21E8679600195B44 /* Debug */,
				DAB9F31D21E8679600195B44 /* Release */,
			);
			defaultConfigurationIsVisible = 0;
			defaultConfigurationName = Release;
		};
		DAB9F31E21E8679600195B44 /* Build configuration list for PBXNativeTarget "PreferenceStoreDemo" */ = {
			isa = XCConfigurationList;
			buildConfigurations = (
				DAB9F31F21E8679600195B44 /* Debug */,
				DAB9F32021E8679600195B44 /* Release */,
			);
			defaultConfigurationIsVisible = 0;
			defaultConfigurationName = Release;
		};
/* End XCConfigurationList section */
	};
	rootObject = DAB9F30421E8679400195B44 /* Project object */;
}
